// !$*UTF8*$!
{
	archiveVersion = 1;
	classes = {
	};
	objectVersion = 46;
	objects = {

/* Begin PBXBuildFile section */
		1B52BD551E8C9A2700AD98AB /* PokemonDetailVC.swift in Sources */ = {isa = PBXBuildFile; fileRef = 1B52BD541E8C9A2700AD98AB /* PokemonDetailVC.swift */; };
		1BC68BB51E8B569100114FB1 /* AppDelegate.swift in Sources */ = {isa = PBXBuildFile; fileRef = 1BC68BB41E8B569100114FB1 /* AppDelegate.swift */; };
		1BC68BB71E8B569100114FB1 /* HomeVC.swift in Sources */ = {isa = PBXBuildFile; fileRef = 1BC68BB61E8B569100114FB1 /* HomeVC.swift */; };
		1BC68BBA1E8B569100114FB1 /* Main.storyboard in Resources */ = {isa = PBXBuildFile; fileRef = 1BC68BB81E8B569100114FB1 /* Main.storyboard */; };
		1BC68BBC1E8B569100114FB1 /* Assets.xcassets in Resources */ = {isa = PBXBuildFile; fileRef = 1BC68BBB1E8B569100114FB1 /* Assets.xcassets */; };
		1BC68BBF1E8B569100114FB1 /* LaunchScreen.storyboard in Resources */ = {isa = PBXBuildFile; fileRef = 1BC68BBD1E8B569100114FB1 /* LaunchScreen.storyboard */; };
		1BC68BCB1E8B579000114FB1 /* music.mp3 in Resources */ = {isa = PBXBuildFile; fileRef = 1BC68BC71E8B579000114FB1 /* music.mp3 */; };
		1BC68BCC1E8B579000114FB1 /* music.png in Resources */ = {isa = PBXBuildFile; fileRef = 1BC68BC81E8B579000114FB1 /* music.png */; };
		1BC68BCD1E8B579000114FB1 /* pokemon.csv in Resources */ = {isa = PBXBuildFile; fileRef = 1BC68BC91E8B579000114FB1 /* pokemon.csv */; };
		1BC68BCE1E8B579000114FB1 /* pokemon.ttf in Resources */ = {isa = PBXBuildFile; fileRef = 1BC68BCA1E8B579000114FB1 /* pokemon.ttf */; };
		1BC68BD01E8B74F600114FB1 /* Pokemon.swift in Sources */ = {isa = PBXBuildFile; fileRef = 1BC68BCF1E8B74F600114FB1 /* Pokemon.swift */; };
		1BC68BD51E8B7E2900114FB1 /* PokeCell.swift in Sources */ = {isa = PBXBuildFile; fileRef = 1BC68BD41E8B7E2900114FB1 /* PokeCell.swift */; };
		1BE2F7EB1E8C0C7E00924CB5 /* csv.swift in Sources */ = {isa = PBXBuildFile; fileRef = 1BE2F7EA1E8C0C7E00924CB5 /* csv.swift */; };
/* End PBXBuildFile section */

/* Begin PBXFileReference section */
		1B52BD541E8C9A2700AD98AB /* PokemonDetailVC.swift */ = {isa = PBXFileReference; fileEncoding = 4; lastKnownFileType = sourcecode.swift; name = PokemonDetailVC.swift; path = Controller/PokemonDetailVC.swift; sourceTree = "<group>"; };
		1BC68BB11E8B569100114FB1 /* Pokedex.app */ = {isa = PBXFileReference; explicitFileType = wrapper.application; includeInIndex = 0; path = Pokedex.app; sourceTree = BUILT_PRODUCTS_DIR; };
		1BC68BB41E8B569100114FB1 /* AppDelegate.swift */ = {isa = PBXFileReference; lastKnownFileType = sourcecode.swift; path = AppDelegate.swift; sourceTree = "<group>"; };
		1BC68BB61E8B569100114FB1 /* HomeVC.swift */ = {isa = PBXFileReference; lastKnownFileType = sourcecode.swift; name = HomeVC.swift; path = Controller/HomeVC.swift; sourceTree = "<group>"; };
		1BC68BB91E8B569100114FB1 /* Base */ = {isa = PBXFileReference; lastKnownFileType = file.storyboard; name = Base; path = Base.lproj/Main.storyboard; sourceTree = "<group>"; };
		1BC68BBB1E8B569100114FB1 /* Assets.xcassets */ = {isa = PBXFileReference; lastKnownFileType = folder.assetcatalog; path = Assets.xcassets; sourceTree = "<group>"; };
		1BC68BBE1E8B569100114FB1 /* Base */ = {isa = PBXFileReference; lastKnownFileType = file.storyboard; name = Base; path = Base.lproj/LaunchScreen.storyboard; sourceTree = "<group>"; };
		1BC68BC01E8B569100114FB1 /* Info.plist */ = {isa = PBXFileReference; lastKnownFileType = text.plist.xml; path = Info.plist; sourceTree = "<group>"; };
		1BC68BC71E8B579000114FB1 /* music.mp3 */ = {isa = PBXFileReference; lastKnownFileType = audio.mp3; path = music.mp3; sourceTree = "<group>"; };
		1BC68BC81E8B579000114FB1 /* music.png */ = {isa = PBXFileReference; lastKnownFileType = image.png; path = music.png; sourceTree = "<group>"; };
		1BC68BC91E8B579000114FB1 /* pokemon.csv */ = {isa = PBXFileReference; fileEncoding = 4; lastKnownFileType = text; path = pokemon.csv; sourceTree = "<group>"; };
		1BC68BCA1E8B579000114FB1 /* pokemon.ttf */ = {isa = PBXFileReference; lastKnownFileType = file; path = pokemon.ttf; sourceTree = "<group>"; };
		1BC68BCF1E8B74F600114FB1 /* Pokemon.swift */ = {isa = PBXFileReference; fileEncoding = 4; lastKnownFileType = sourcecode.swift; name = Pokemon.swift; path = Model/Pokemon.swift; sourceTree = "<group>"; };
		1BC68BD41E8B7E2900114FB1 /* PokeCell.swift */ = {isa = PBXFileReference; fileEncoding = 4; lastKnownFileType = sourcecode.swift; name = PokeCell.swift; path = View/PokeCell.swift; sourceTree = "<group>"; };
		1BE2F7EA1E8C0C7E00924CB5 /* csv.swift */ = {isa = PBXFileReference; fileEncoding = 4; lastKnownFileType = sourcecode.swift; path = csv.swift; sourceTree = "<group>"; };
/* End PBXFileReference section */

/* Begin PBXFrameworksBuildPhase section */
		1BC68BAE1E8B569100114FB1 /* Frameworks */ = {
			isa = PBXFrameworksBuildPhase;
			buildActionMask = 2147483647;
			files = (
			);
			runOnlyForDeploymentPostprocessing = 0;
		};
/* End PBXFrameworksBuildPhase section */

/* Begin PBXGroup section */
		1BC68BA81E8B569100114FB1 = {
			isa = PBXGroup;
			children = (
				1BC68BB31E8B569100114FB1 /* Pokedex */,
				1BC68BB21E8B569100114FB1 /* Products */,
			);
			sourceTree = "<group>";
		};
		1BC68BB21E8B569100114FB1 /* Products */ = {
			isa = PBXGroup;
			children = (
				1BC68BB11E8B569100114FB1 /* Pokedex.app */,
			);
			name = Products;
			sourceTree = "<group>";
		};
		1BC68BB31E8B569100114FB1 /* Pokedex */ = {
			isa = PBXGroup;
			children = (
				1BC68BD31E8B7DF700114FB1 /* Controller */,
				1BC68BD21E8B7DEF00114FB1 /* View */,
				1BC68BC61E8B577000114FB1 /* Assets */,
				1BC68BD11E8B74FC00114FB1 /* Model */,
				1BC68BB41E8B569100114FB1 /* AppDelegate.swift */,
				1BC68BB81E8B569100114FB1 /* Main.storyboard */,
				1BC68BBB1E8B569100114FB1 /* Assets.xcassets */,
				1BC68BBD1E8B569100114FB1 /* LaunchScreen.storyboard */,
				1BC68BC01E8B569100114FB1 /* Info.plist */,
			);
			path = Pokedex;
			sourceTree = "<group>";
		};
		1BC68BC61E8B577000114FB1 /* Assets */ = {
			isa = PBXGroup;
			children = (
				1BC68BC71E8B579000114FB1 /* music.mp3 */,
				1BC68BC81E8B579000114FB1 /* music.png */,
				1BC68BC91E8B579000114FB1 /* pokemon.csv */,
				1BC68BCA1E8B579000114FB1 /* pokemon.ttf */,
			);
			name = Assets;
			sourceTree = "<group>";
		};
		1BC68BD11E8B74FC00114FB1 /* Model */ = {
			isa = PBXGroup;
			children = (
				1BE2F7EA1E8C0C7E00924CB5 /* csv.swift */,
				1BC68BCF1E8B74F600114FB1 /* Pokemon.swift */,
			);
			name = Model;
			sourceTree = "<group>";
		};
		1BC68BD21E8B7DEF00114FB1 /* View */ = {
			isa = PBXGroup;
			children = (
				1BC68BD41E8B7E2900114FB1 /* PokeCell.swift */,
			);
			name = View;
			sourceTree = "<group>";
		};
		1BC68BD31E8B7DF700114FB1 /* Controller */ = {
			isa = PBXGroup;
			children = (
				1BC68BB61E8B569100114FB1 /* HomeVC.swift */,
				1B52BD541E8C9A2700AD98AB /* PokemonDetailVC.swift */,
			);
			name = Controller;
			sourceTree = "<group>";
		};
/* End PBXGroup section */

/* Begin PBXNativeTarget section */
		1BC68BB01E8B569100114FB1 /* Pokedex */ = {
			isa = PBXNativeTarget;
			buildConfigurationList = 1BC68BC31E8B569100114FB1 /* Build configuration list for PBXNativeTarget "Pokedex" */;
			buildPhases = (
				1BC68BAD1E8B569100114FB1 /* Sources */,
				1BC68BAE1E8B569100114FB1 /* Frameworks */,
				1BC68BAF1E8B569100114FB1 /* Resources */,
			);
			buildRules = (
			);
			dependencies = (
			);
			name = Pokedex;
			productName = Pokedex;
			productReference = 1BC68BB11E8B569100114FB1 /* Pokedex.app */;
			productType = "com.apple.product-type.application";
		};
/* End PBXNativeTarget section */

/* Begin PBXProject section */
		1BC68BA91E8B569100114FB1 /* Project object */ = {
			isa = PBXProject;
			attributes = {
				LastSwiftUpdateCheck = 0830;
				LastUpgradeCheck = 0830;
				ORGANIZATIONNAME = "Jake Romer";
				TargetAttributes = {
					1BC68BB01E8B569100114FB1 = {
						CreatedOnToolsVersion = 8.3;
						DevelopmentTeam = M94KDK654M;
						ProvisioningStyle = Automatic;
					};
				};
			};
			buildConfigurationList = 1BC68BAC1E8B569100114FB1 /* Build configuration list for PBXProject "Pokedex" */;
			compatibilityVersion = "Xcode 3.2";
			developmentRegion = English;
			hasScannedForEncodings = 0;
			knownRegions = (
				en,
				Base,
			);
			mainGroup = 1BC68BA81E8B569100114FB1;
			productRefGroup = 1BC68BB21E8B569100114FB1 /* Products */;
			projectDirPath = "";
			projectRoot = "";
			targets = (
				1BC68BB01E8B569100114FB1 /* Pokedex */,
			);
		};
/* End PBXProject section */

/* Begin PBXResourcesBuildPhase section */
		1BC68BAF1E8B569100114FB1 /* Resources */ = {
			isa = PBXResourcesBuildPhase;
			buildActionMask = 2147483647;
			files = (
				1BC68BCC1E8B579000114FB1 /* music.png in Resources */,
				1BC68BCB1E8B579000114FB1 /* music.mp3 in Resources */,
				1BC68BBF1E8B569100114FB1 /* LaunchScreen.storyboard in Resources */,
				1BC68BBC1E8B569100114FB1 /* Assets.xcassets in Resources */,
				1BC68BCD1E8B579000114FB1 /* pokemon.csv in Resources */,
				1BC68BBA1E8B569100114FB1 /* Main.storyboard in Resources */,
				1BC68BCE1E8B579000114FB1 /* pokemon.ttf in Resources */,
			);
			runOnlyForDeploymentPostprocessing = 0;
		};
/* End PBXResourcesBuildPhase section */

/* Begin PBXSourcesBuildPhase section */
		1BC68BAD1E8B569100114FB1 /* Sources */ = {
			isa = PBXSourcesBuildPhase;
			buildActionMask = 2147483647;
			files = (
				1BC68BD51E8B7E2900114FB1 /* PokeCell.swift in Sources */,
				1BC68BB71E8B569100114FB1 /* HomeVC.swift in Sources */,
				1BC68BB51E8B569100114FB1 /* AppDelegate.swift in Sources */,
				1B52BD551E8C9A2700AD98AB /* PokemonDetailVC.swift in Sources */,
				1BC68BD01E8B74F600114FB1 /* Pokemon.swift in Sources */,
				1BE2F7EB1E8C0C7E00924CB5 /* csv.swift in Sources */,
			);
			runOnlyForDeploymentPostprocessing = 0;
		};
/* End PBXSourcesBuildPhase section */

/* Begin PBXVariantGroup section */
		1BC68BB81E8B569100114FB1 /* Main.storyboard */ = {
			isa = PBXVariantGroup;
			children = (
				1BC68BB91E8B569100114FB1 /* Base */,
			);
			name = Main.storyboard;
			sourceTree = "<group>";
		};
		1BC68BBD1E8B569100114FB1 /* LaunchScreen.storyboard */ = {
			isa = PBXVariantGroup;
			children = (
				1BC68BBE1E8B569100114FB1 /* Base */,
			);
			name = LaunchScreen.storyboard;
			sourceTree = "<group>";
		};
/* End PBXVariantGroup section */

/* Begin XCBuildConfiguration section */
		1BC68BC11E8B569100114FB1 /* Debug */ = {
			isa = XCBuildConfiguration;
			buildSettings = {
				ALWAYS_SEARCH_USER_PATHS = NO;
				CLANG_ANALYZER_NONNULL = YES;
				CLANG_ANALYZER_NUMBER_OBJECT_CONVERSION = YES_AGGRESSIVE;
				CLANG_CXX_LANGUAGE_STANDARD = "gnu++0x";
				CLANG_CXX_LIBRARY = "libc++";
				CLANG_ENABLE_MODULES = YES;
				CLANG_ENABLE_OBJC_ARC = YES;
				CLANG_WARN_BOOL_CONVERSION = YES;
				CLANG_WARN_CONSTANT_CONVERSION = YES;
				CLANG_WARN_DIRECT_OBJC_ISA_USAGE = YES_ERROR;
				CLANG_WARN_DOCUMENTATION_COMMENTS = YES;
				CLANG_WARN_EMPTY_BODY = YES;
				CLANG_WARN_ENUM_CONVERSION = YES;
				CLANG_WARN_INFINITE_RECURSION = YES;
				CLANG_WARN_INT_CONVERSION = YES;
				CLANG_WARN_OBJC_ROOT_CLASS = YES_ERROR;
				CLANG_WARN_SUSPICIOUS_MOVE = YES;
				CLANG_WARN_UNREACHABLE_CODE = YES;
				CLANG_WARN__DUPLICATE_METHOD_MATCH = YES;
				"CODE_SIGN_IDENTITY[sdk=iphoneos*]" = "iPhone Developer";
				COPY_PHASE_STRIP = NO;
				DEBUG_INFORMATION_FORMAT = dwarf;
				ENABLE_STRICT_OBJC_MSGSEND = YES;
				ENABLE_TESTABILITY = YES;
				GCC_C_LANGUAGE_STANDARD = gnu99;
				GCC_DYNAMIC_NO_PIC = NO;
				GCC_NO_COMMON_BLOCKS = YES;
				GCC_OPTIMIZATION_LEVEL = 0;
				GCC_PREPROCESSOR_DEFINITIONS = (
					"DEBUG=1",
					"$(inherited)",
				);
				GCC_WARN_64_TO_32_BIT_CONVERSION = YES;
				GCC_WARN_ABOUT_RETURN_TYPE = YES_ERROR;
				GCC_WARN_UNDECLARED_SELECTOR = YES;
				GCC_WARN_UNINITIALIZED_AUTOS = YES_AGGRESSIVE;
				GCC_WARN_UNUSED_FUNCTION = YES;
				GCC_WARN_UNUSED_VARIABLE = YES;
				IPHONEOS_DEPLOYMENT_TARGET = 10.3;
				MTL_ENABLE_DEBUG_INFO = YES;
				ONLY_ACTIVE_ARCH = YES;
				SDKROOT = iphoneos;
				SWIFT_ACTIVE_COMPILATION_CONDITIONS = DEBUG;
				SWIFT_OPTIMIZATION_LEVEL = "-Onone";
				TARGETED_DEVICE_FAMILY = "1,2";
			};
			name = Debug;
		};
		1BC68BC21E8B569100114FB1 /* Release */ = {
			isa = XCBuildConfiguration;
			buildSettings = {
				ALWAYS_SEARCH_USER_PATHS = NO;
				CLANG_ANALYZER_NONNULL = YES;
				CLANG_ANALYZER_NUMBER_OBJECT_CONVERSION = YES_AGGRESSIVE;
				CLANG_CXX_LANGUAGE_STANDARD = "gnu++0x";
				CLANG_CXX_LIBRARY = "libc++";
				CLANG_ENABLE_MODULES = YES;
				CLANG_ENABLE_OBJC_ARC = YES;
				CLANG_WARN_BOOL_CONVERSION = YES;
				CLANG_WARN_CONSTANT_CONVERSION = YES;
				CLANG_WARN_DIRECT_OBJC_ISA_USAGE = YES_ERROR;
				CLANG_WARN_DOCUMENTATION_COMMENTS = YES;
				CLANG_WARN_EMPTY_BODY = YES;
				CLANG_WARN_ENUM_CONVERSION = YES;
				CLANG_WARN_INFINITE_RECURSION = YES;
				CLANG_WARN_INT_CONVERSION = YES;
				CLANG_WARN_OBJC_ROOT_CLASS = YES_ERROR;
				CLANG_WARN_SUSPICIOUS_MOVE = YES;
				CLANG_WARN_UNREACHABLE_CODE = YES;
				CLANG_WARN__DUPLICATE_METHOD_MATCH = YES;
				"CODE_SIGN_IDENTITY[sdk=iphoneos*]" = "iPhone Developer";
				COPY_PHASE_STRIP = NO;
				DEBUG_INFORMATION_FORMAT = "dwarf-with-dsym";
				ENABLE_NS_ASSERTIONS = NO;
				ENABLE_STRICT_OBJC_MSGSEND = YES;
				GCC_C_LANGUAGE_STANDARD = gnu99;
				GCC_NO_COMMON_BLOCKS = YES;
				GCC_WARN_64_TO_32_BIT_CONVERSION = YES;
				GCC_WARN_ABOUT_RETURN_TYPE = YES_ERROR;
				GCC_WARN_UNDECLARED_SELECTOR = YES;
				GCC_WARN_UNINITIALIZED_AUTOS = YES_AGGRESSIVE;
				GCC_WARN_UNUSED_FUNCTION = YES;
				GCC_WARN_UNUSED_VARIABLE = YES;
				IPHONEOS_DEPLOYMENT_TARGET = 10.3;
				MTL_ENABLE_DEBUG_INFO = NO;
				SDKROOT = iphoneos;
				SWIFT_OPTIMIZATION_LEVEL = "-Owholemodule";
				TARGETED_DEVICE_FAMILY = "1,2";
				VALIDATE_PRODUCT = YES;
			};
			name = Release;
		};
		1BC68BC41E8B569100114FB1 /* Debug */ = {
			isa = XCBuildConfiguration;
			buildSettings = {
				ASSETCATALOG_COMPILER_APPICON_NAME = AppIcon;
				DEVELOPMENT_TEAM = M94KDK654M;
				INFOPLIST_FILE = Pokedex/Info.plist;
				LD_RUNPATH_SEARCH_PATHS = "$(inherited) @executable_path/Frameworks";
				PRODUCT_BUNDLE_IDENTIFIER = jkrmr.Pokedex;
				PRODUCT_NAME = "$(TARGET_NAME)";
				SWIFT_VERSION = 3.0;
			};
			name = Debug;
		};
		1BC68BC51E8B569100114FB1 /* Release */ = {
			isa = XCBuildConfiguration;
			buildSettings = {
				ASSETCATALOG_COMPILER_APPICON_NAME = AppIcon;
				DEVELOPMENT_TEAM = M94KDK654M;
				INFOPLIST_FILE = Pokedex/Info.plist;
				LD_RUNPATH_SEARCH_PATHS = "$(inherited) @executable_path/Frameworks";
				PRODUCT_BUNDLE_IDENTIFIER = jkrmr.Pokedex;
				PRODUCT_NAME = "$(TARGET_NAME)";
				SWIFT_VERSION = 3.0;
			};
			name = Release;
		};
/* End XCBuildConfiguration section */

/* Begin XCConfigurationList section */
		1BC68BAC1E8B569100114FB1 /* Build configuration list for PBXProject "Pokedex" */ = {
			isa = XCConfigurationList;
			buildConfigurations = (
				1BC68BC11E8B569100114FB1 /* Debug */,
				1BC68BC21E8B569100114FB1 /* Release */,
			);
			defaultConfigurationIsVisible = 0;
			defaultConfigurationName = Release;
		};
		1BC68BC31E8B569100114FB1 /* Build configuration list for PBXNativeTarget "Pokedex" */ = {
			isa = XCConfigurationList;
			buildConfigurations = (
				1BC68BC41E8B569100114FB1 /* Debug */,
				1BC68BC51E8B569100114FB1 /* Release */,
			);
			defaultConfigurationIsVisible = 0;
			defaultConfigurationName = Release;
		};
/* End XCConfigurationList section */
	};
	rootObject = 1BC68BA91E8B569100114FB1 /* Project object */;
}
